
Microsoft Visual Studio Solution File, Format Version 12.00
# Visual Studio Version 16
VisualStudioVersion = 16.0.32802.440
MinimumVisualStudioVersion = 10.0.40219.1
Project("{888888A0-9F3D-457C-B088-3A5042F75D52}") = "Variables", "Variables\Variables.pyproj", "{94E4DE53-AF5B-4C1B-AD40-C222B2312BD7}"
EndProject
Global
	GlobalSection(SolutionConfigurationPlatforms) = preSolution
		Debug|Any CPU = Debug|Any CPU
		Release|Any CPU = Release|Any CPU
	EndGlobalSection
	GlobalSection(ProjectConfigurationPlatforms) = postSolution
		{94E4DE53-AF5B-4C1B-AD40-C222B2312BD7}.Debug|Any CPU.ActiveCfg = Debug|Any CPU
		{94E4DE53-AF5B-4C1B-AD40-C222B2312BD7}.Release|Any CPU.ActiveCfg = Release|Any CPU
	EndGlobalSection
	GlobalSection(SolutionProperties) = preSolution
		HideSolutionNode = FALSE
	EndGlobalSection
	GlobalSection(ExtensibilityGlobals) = postSolution
		SolutionGuid = {33D87D4D-CB9E-444B-9030-519216F3BD54}
	EndGlobalSection
EndGlobal
